
Microsoft Visual Studio Solution File, Format Version 12.00
# Visual Studio Version 16
VisualStudioVersion = 16.0.31624.102
MinimumVisualStudioVersion = 10.0.40219.1
Project("{8BC9CEB8-8B4A-11D0-8D11-00A0C91BC942}") = "snake game", "snake game\snake game.vcxproj", "{2B8DBE2B-8172-48B3-A531-0EA2164E324E}"
EndProject
Global
	GlobalSection(SolutionConfigurationPlatforms) = preSolution
		Debug|x64 = Debug|x64
		Debug|x86 = Debug|x86
		Release|x64 = Release|x64
		Release|x86 = Release|x86
	EndGlobalSection
	GlobalSection(ProjectConfigurationPlatforms) = postSolution
		{2B8DBE2B-8172-48B3-A531-0EA2164E324E}.Debug|x64.ActiveCfg = Debug|x64
		{2B8DBE2B-8172-48B3-A531-0EA2164E324E}.Debug|x64.Build.0 = Debug|x64
		{2B8DBE2B-8172-48B3-A531-0EA2164E324E}.Debug|x86.ActiveCfg = Debug|Win32
		{2B8DBE2B-8172-48B3-A531-0EA2164E324E}.Debug|x86.Build.0 = Debug|Win32
		{2B8DBE2B-8172-48B3-A531-0EA2164E324E}.Release|x64.ActiveCfg = Release|x64
		{2B8DBE2B-8172-48B3-A531-0EA2164E324E}.Release|x64.Build.0 = Release|x64
		{2B8DBE2B-8172-48B3-A531-0EA2164E324E}.Release|x86.ActiveCfg = Release|Win32
		{2B8DBE2B-8172-48B3-A531-0EA2164E324E}.Release|x86.Build.0 = Release|Win32
	EndGlobalSection
	GlobalSection(SolutionProperties) = preSolution
		HideSolutionNode = FALSE
	EndGlobalSection
	GlobalSection(ExtensibilityGlobals) = postSolution
		SolutionGuid = {5D0FC115-C9DD-49BB-8EB1-9B66ECC1AB73}
	EndGlobalSection
EndGlobal
